# This file is automatically @generated by Poetry 1.6.1 and should not be changed by hand.

[[package]]
name = "adafruit-blinka"
version = "8.23.0"
description = "CircuitPython APIs for non-CircuitPython versions of Python such as CPython on Linux and MicroPython."
optional = false
python-versions = ">=3.7.0"
files = [
    {file = "Adafruit-Blinka-8.23.0.tar.gz", hash = "sha256:73569b9ff1a8edb1cab66ace655e0c5a97a26fcd9809eff62006e77c9a4a3c50"},
    {file = "Adafruit_Blinka-8.23.0-py3-none-any.whl", hash = "sha256:d8fa99e41ae2d7aa20d0a1707eab0e31b8329d06ed39f00f6eba14c415863561"},
]

[package.dependencies]
adafruit-circuitpython-typing = "*"
Adafruit-PlatformDetect = ">=3.52.0"
Adafruit-PureIO = ">=1.1.7"
pyftdi = ">=0.40.0"

[[package]]
name = "adafruit-circuitpython-busdevice"
version = "5.2.6"
description = "CircuitPython bus device classes to manage bus sharing."
optional = false
python-versions = "*"
files = [
    {file = "adafruit-circuitpython-busdevice-5.2.6.tar.gz", hash = "sha256:ed06f5552e5567b0c89589c5bc6ef3adcac67d59eb505ce9127af99f33c2bc90"},
    {file = "adafruit_circuitpython_busdevice-5.2.6-py3-none-any.whl", hash = "sha256:9f25577843f0a338a0936a1b57436f4451f7783b38e3cf46160b6be78faeaa44"},
]

[package.dependencies]
Adafruit-Blinka = ">=7.0.0"
adafruit-circuitpython-typing = "*"

[[package]]
name = "adafruit-circuitpython-motor"
version = "3.4.12"
description = "CircuitPython helper library provides higher level objects to control motors and servos."
optional = false
python-versions = "*"
files = [
    {file = "adafruit-circuitpython-motor-3.4.12.tar.gz", hash = "sha256:dc975c385a2c810c47b18a209ea7ca20627915d2540a56e1ba87f3c3e3532509"},
    {file = "adafruit_circuitpython_motor-3.4.12-py3-none-any.whl", hash = "sha256:80167f301b25e34a2cb3dff842caa19443be41a7849676d3c30cfe7a7de74731"},
]

[package.dependencies]
Adafruit-Blinka = ">=7.0.0"
adafruit-circuitpython-typing = ">=1.5.0"

[[package]]
name = "adafruit-circuitpython-pca9685"
version = "3.4.11"
description = "CircuitPython driver for motor, stepper, and servo based on PCA9685."
optional = false
python-versions = "*"
files = [
    {file = "adafruit-circuitpython-pca9685-3.4.11.tar.gz", hash = "sha256:b8c42026a4672b81eab23414dc1129b4ce1a68395b979e2ad9925cf8431a3bc2"},
    {file = "adafruit_circuitpython_pca9685-3.4.11-py3-none-any.whl", hash = "sha256:9d78ef1d3b538b36832142c002d6a888235c0d1a5993cb76adb302c40039e481"},
]

[package.dependencies]
Adafruit-Blinka = "*"
adafruit-circuitpython-busdevice = "*"
adafruit-circuitpython-register = "*"

[[package]]
name = "adafruit-circuitpython-register"
version = "1.9.17"
description = "CircuitPython data descriptor classes to represent hardware registers on I2C and SPI devices."
optional = false
python-versions = "*"
files = [
    {file = "adafruit-circuitpython-register-1.9.17.tar.gz", hash = "sha256:74982b07a8009b2de9cec138c545cddac7370732333d1aa1b50583a54bdc392d"},
    {file = "adafruit_circuitpython_register-1.9.17-py3-none-any.whl", hash = "sha256:038731e1da8dfa8eeaa083c430364c82931856d2edee0109d22473e85822255c"},
]

[package.dependencies]
Adafruit-Blinka = "*"
adafruit-circuitpython-busdevice = "*"
adafruit-circuitpython-typing = ">=1.3.1,<2.dev0"
typing-extensions = ">=4.0,<5.0"

[[package]]
name = "adafruit-circuitpython-requests"
version = "2.0.2"
description = "A requests-like library for web interfacing"
optional = false
python-versions = "*"
files = [
    {file = "adafruit-circuitpython-requests-2.0.2.tar.gz", hash = "sha256:fec34d21be9d721a44bd1471e3651630eb7d394ce806de2fb39536dac73408aa"},
    {file = "adafruit_circuitpython_requests-2.0.2-py3-none-any.whl", hash = "sha256:91e7634cd223ee3adf22ca3cf6e8f34713a56a3809031f37ec31b90a3a9f503f"},
]

[package.dependencies]
Adafruit-Blinka = "*"

[[package]]
name = "adafruit-circuitpython-servokit"
version = "1.3.16"
description = "CircuitPython helper library for PWM/Servo FeatherWing, Shield, and Pi HAT and Bonnet kits."
optional = false
python-versions = "*"
files = [
    {file = "adafruit-circuitpython-servokit-1.3.16.tar.gz", hash = "sha256:9e9c081b0ba45c363a3eab936b10198bfa9e9da10f0b470cb1f3b0b4c7bcf639"},
    {file = "adafruit_circuitpython_servokit-1.3.16-py3-none-any.whl", hash = "sha256:eb5b66a175a6be272af224e0fc5ce843bd4140f996d40dbb2e6207e53ed356f4"},
]

[package.dependencies]
Adafruit-Blinka = ">=7.0.0"
adafruit-circuitpython-busdevice = "*"
adafruit-circuitpython-motor = "*"
adafruit-circuitpython-pca9685 = "*"
adafruit-circuitpython-register = "*"

[[package]]
name = "adafruit-circuitpython-typing"
version = "1.9.5"
description = "Types needed for type annotation that are not in `typing`"
optional = false
python-versions = "*"
files = [
    {file = "adafruit-circuitpython-typing-1.9.5.tar.gz", hash = "sha256:6a2a7a4f60d54348f3c4aad8f4dd0d0f0aaf9c854ddd1761b20d5146440faa1d"},
    {file = "adafruit_circuitpython_typing-1.9.5-py3-none-any.whl", hash = "sha256:02625de1f8fdeb42db5a88999d2dc7a905339b30c673f7a2d8608b840e8520cc"},
]

[package.dependencies]
Adafruit-Blinka = "*"
adafruit-circuitpython-busdevice = "*"
adafruit-circuitpython-requests = "*"
typing-extensions = ">=4.0,<5.0"

[[package]]
name = "adafruit-platformdetect"
version = "3.53.0"
description = "Platform detection for use by libraries like Adafruit-Blinka."
optional = false
python-versions = "*"
files = [
    {file = "Adafruit-PlatformDetect-3.53.0.tar.gz", hash = "sha256:3faa11f40b338f6ca3db0fb68408c2303c27809faeb9434ba60668a18226cf29"},
    {file = "Adafruit_PlatformDetect-3.53.0-py3-none-any.whl", hash = "sha256:36e124346350218d51bea64f3e5f34fdc6524f3e32fd825bc2c438ec2b3f001c"},
]

[[package]]
name = "adafruit-pureio"
version = "1.1.11"
description = "Pure python (i.e. no native extensions) access to Linux IO    including I2C and SPI. Drop in replacement for smbus and spidev modules."
optional = false
python-versions = ">=3.5.0"
files = [
    {file = "Adafruit_PureIO-1.1.11-py3-none-any.whl", hash = "sha256:281ab2099372cc0decc26326918996cbf21b8eed694ec4764d51eefa029d324e"},
    {file = "Adafruit_PureIO-1.1.11.tar.gz", hash = "sha256:c4cfbb365731942d1f1092a116f47dfdae0aef18c5b27f1072b5824ad5ea8c7c"},
]

[[package]]
name = "pyftdi"
version = "0.55.0"
description = "FTDI device driver (pure Python)"
optional = false
python-versions = ">=3.8"
files = [
    {file = "pyftdi-0.55.0-py3-none-any.whl", hash = "sha256:6af7b6c73da1256fd5140076fe77a616c13e44dd0779dd561dac1b5981dbd43f"},
    {file = "pyftdi-0.55.0.tar.gz", hash = "sha256:a747bbbccc4eeea26cefa2c8bd3d2b8bef8c94ecb6969bb9c75a63640887519a"},
]

[package.dependencies]
pyserial = ">=3.0"
pyusb = ">=1.0.0,<1.2.0 || >1.2.0"

[[package]]
name = "pyserial"
version = "3.5"
description = "Python Serial Port Extension"
optional = false
python-versions = "*"
files = [
    {file = "pyserial-3.5-py2.py3-none-any.whl", hash = "sha256:c4451db6ba391ca6ca299fb3ec7bae67a5c55dde170964c7a14ceefec02f2cf0"},
    {file = "pyserial-3.5.tar.gz", hash = "sha256:3c77e014170dfffbd816e6ffc205e9842efb10be9f58ec16d3e8675b4925cddb"},
]

[package.extras]
cp2110 = ["hidapi"]

[[package]]
name = "pyusb"
version = "1.2.1"
description = "Python USB access module"
optional = false
python-versions = ">=3.6.0"
files = [
    {file = "pyusb-1.2.1-py3-none-any.whl", hash = "sha256:2b4c7cb86dbadf044dfb9d3a4ff69fd217013dbe78a792177a3feb172449ea36"},
    {file = "pyusb-1.2.1.tar.gz", hash = "sha256:a4cc7404a203144754164b8b40994e2849fde1cfff06b08492f12fff9d9de7b9"},
]

[[package]]
name = "rpi-gpio"
version = "0.7.1"
description = "A module to control Raspberry Pi GPIO channels"
optional = false
python-versions = "*"
files = [
    {file = "RPi.GPIO-0.7.1-cp27-cp27mu-linux_armv6l.whl", hash = "sha256:b86b66dc02faa5461b443a1e1f0c1d209d64ab5229696f32fb3b0215e0600c8c"},
    {file = "RPi.GPIO-0.7.1-cp310-cp310-linux_armv6l.whl", hash = "sha256:57b6c044ef5375a78c8dda27cdfadf329e76aa6943cd6cffbbbd345a9adf9ca5"},
    {file = "RPi.GPIO-0.7.1-cp37-cp37m-linux_armv6l.whl", hash = "sha256:77afb817b81331ce3049a4b8f94a85e41b7c404d8e56b61ac0f1eb75c3120868"},
    {file = "RPi.GPIO-0.7.1-cp38-cp38-linux_armv6l.whl", hash = "sha256:29226823da8b5ccb9001d795a944f2e00924eeae583490f0bc7317581172c624"},
    {file = "RPi.GPIO-0.7.1-cp39-cp39-linux_armv6l.whl", hash = "sha256:15311d3b063b71dee738cd26570effc9985a952454d162937c34e08c0fc99902"},
    {file = "RPi.GPIO-0.7.1.tar.gz", hash = "sha256:cd61c4b03c37b62bba4a5acfea9862749c33c618e0295e7e90aa4713fb373b70"},
]

[[package]]
name = "typing-extensions"
version = "4.8.0"
description = "Backported and Experimental Type Hints for Python 3.8+"
optional = false
python-versions = ">=3.8"
files = [
    {file = "typing_extensions-4.8.0-py3-none-any.whl", hash = "sha256:8f92fc8806f9a6b641eaa5318da32b44d401efaac0f6678c9bc448ba3605faa0"},
    {file = "typing_extensions-4.8.0.tar.gz", hash = "sha256:df8e4339e9cb77357558cbdbceca33c303714cf861d1eef15e1070055ae8b7ef"},
]

[metadata]
lock-version = "2.0"
python-versions = "^3.9"
content-hash = "98b138147c34e04403db4437a3471e87930be79a094c0c16f4e66f0fd762095a"
